{
  "nodes": {
    "my-nix": {
      "locked": {
        "lastModified": 1741365187,
        "narHash": "sha256-PW8/RxIXL4w0FAot6LMlXuyL4WWLWjxY40OHYqdziI4=",
        "owner": "WhiteBlackGoose",
        "repo": "my-nix",
        "rev": "7aab995dbf50d7801cfda5aa9d39b5a2ae42f7c2",
        "type": "github"
      },
      "original": {
        "owner": "WhiteBlackGoose",
        "ref": "master",
        "repo": "my-nix",
        "type": "github"
      }
    },
    "nixpkgs": {
      "locked": {
        "lastModified": 1741246872,
        "narHash": "sha256-Q6pMP4a9ed636qilcYX8XUguvKl/0/LGXhHcRI91p0U=",
        "owner": "NixOS",
        "repo": "nixpkgs",
        "rev": "10069ef4cf863633f57238f179a0297de84bd8d3",
        "type": "github"
      },
      "original": {
        "owner": "NixOS",
        "ref": "nixos-unstable",
        "repo": "nixpkgs",
        "type": "github"
      }
    },
    "root": {
      "inputs": {
        "my-nix": "my-nix",
        "nixpkgs": "nixpkgs"
      }
    }
  },
  "root": "root",
  "version": 7
}
