
Microsoft Visual Studio Solution File, Format Version 12.00
# Visual Studio Version 16
VisualStudioVersion = 16.0.30114.105
MinimumVisualStudioVersion = 10.0.40219.1
Project("{F2A71F9B-5D33-465A-A702-920D77279786}") = "BlogGen", "BlogGen\BlogGen.fsproj", "{75F5C1FF-0F7F-4BD7-94DF-84FE1A7BF30C}"
EndProject
Global
	GlobalSection(SolutionConfigurationPlatforms) = preSolution
		Debug|Any CPU = Debug|Any CPU
		Release|Any CPU = Release|Any CPU
	EndGlobalSection
	GlobalSection(SolutionProperties) = preSolution
		HideSolutionNode = FALSE
	EndGlobalSection
	GlobalSection(ProjectConfigurationPlatforms) = postSolution
		{75F5C1FF-0F7F-4BD7-94DF-84FE1A7BF30C}.Debug|Any CPU.ActiveCfg = Debug|Any CPU
		{75F5C1FF-0F7F-4BD7-94DF-84FE1A7BF30C}.Debug|Any CPU.Build.0 = Debug|Any CPU
		{75F5C1FF-0F7F-4BD7-94DF-84FE1A7BF30C}.Release|Any CPU.ActiveCfg = Release|Any CPU
		{75F5C1FF-0F7F-4BD7-94DF-84FE1A7BF30C}.Release|Any CPU.Build.0 = Release|Any CPU
	EndGlobalSection
EndGlobal
